
Microsoft Visual Studio Solution File, Format Version 12.00
# Visual Studio Version 16
VisualStudioVersion = 16.0.31605.320
MinimumVisualStudioVersion = 10.0.40219.1
Project("{9A19103F-16F7-4668-BE54-9A1E7A4F7556}") = "ClubManagerBackup", "ClubManagerBackup\ClubManagerBackup.csproj", "{32D049BE-32B1-4EDF-9970-92295DC8C231}"
EndProject
Global
	GlobalSection(SolutionConfigurationPlatforms) = preSolution
		Debug|Any CPU = Debug|Any CPU
		Release|Any CPU = Release|Any CPU
	EndGlobalSection
	GlobalSection(ProjectConfigurationPlatforms) = postSolution
		{32D049BE-32B1-4EDF-9970-92295DC8C231}.Debug|Any CPU.ActiveCfg = Debug|Any CPU
		{32D049BE-32B1-4EDF-9970-92295DC8C231}.Debug|Any CPU.Build.0 = Debug|Any CPU
		{32D049BE-32B1-4EDF-9970-92295DC8C231}.Release|Any CPU.ActiveCfg = Release|Any CPU
		{32D049BE-32B1-4EDF-9970-92295DC8C231}.Release|Any CPU.Build.0 = Release|Any CPU
	EndGlobalSection
	GlobalSection(SolutionProperties) = preSolution
		HideSolutionNode = FALSE
	EndGlobalSection
	GlobalSection(ExtensibilityGlobals) = postSolution
		SolutionGuid = {5F1A1BCD-B0C2-4E22-9ADD-25473FAD53DC}
	EndGlobalSection
EndGlobal
